
Microsoft Visual Studio Solution File, Format Version 12.00
# Visual Studio Version 17
VisualStudioVersion = 17.14.37203.1 d17.14
MinimumVisualStudioVersion = 10.0.40219.1
Project("{FAE04EC0-301F-11D3-BF4B-00C04F79EFBC}") = "GraphApiEmailSend", "GraphApiEmailSend\GraphApiEmailSend.csproj", "{9D2AD734-86C0-43E3-BC99-FE47DA24AD12}"
EndProject
Global
	GlobalSection(SolutionConfigurationPlatforms) = preSolution
		Debug|Any CPU = Debug|Any CPU
		Release|Any CPU = Release|Any CPU
	EndGlobalSection
	GlobalSection(ProjectConfigurationPlatforms) = postSolution
		{9D2AD734-86C0-43E3-BC99-FE47DA24AD12}.Debug|Any CPU.ActiveCfg = Debug|Any CPU
		{9D2AD734-86C0-43E3-BC99-FE47DA24AD12}.Debug|Any CPU.Build.0 = Debug|Any CPU
		{9D2AD734-86C0-43E3-BC99-FE47DA24AD12}.Release|Any CPU.ActiveCfg = Release|Any CPU
		{9D2AD734-86C0-43E3-BC99-FE47DA24AD12}.Release|Any CPU.Build.0 = Release|Any CPU
	EndGlobalSection
	GlobalSection(SolutionProperties) = preSolution
		HideSolutionNode = FALSE
	EndGlobalSection
	GlobalSection(ExtensibilityGlobals) = postSolution
		SolutionGuid = {21C60592-E154-4EF6-9E2F-FF379896BA0F}
	EndGlobalSection
EndGlobal
